
Microsoft Visual Studio Solution File, Format Version 12.00
# Visual Studio 15
VisualStudioVersion = 15.0.28307.329
MinimumVisualStudioVersion = 10.0.40219.1
Project("{FAE04EC0-301F-11D3-BF4B-00C04F79EFBC}") = "Laba_1", "Laba_1\Laba_1.csproj", "{224483FD-6067-4211-A681-EFD3332BB08C}"
EndProject
Project("{FAE04EC0-301F-11D3-BF4B-00C04F79EFBC}") = "OP_ClassLib", "OP_ClassLib\OP_ClassLib.csproj", "{65076F89-2B5D-4D4B-90E1-5EF84E57F7E5}"
EndProject
Project("{FAE04EC0-301F-11D3-BF4B-00C04F79EFBC}") = "Laba_2", "Laba_2\Laba_2.csproj", "{8D729162-02D6-4FF2-9317-B628170E10FD}"
	ProjectSection(ProjectDependencies) = postProject
		{9A32FA92-BF52-4BFA-BC40-A5059B11C25D} = {9A32FA92-BF52-4BFA-BC40-A5059B11C25D}
	EndProjectSection
EndProject
Project("{FAE04EC0-301F-11D3-BF4B-00C04F79EFBC}") = "Laba_3", "Laba_3\Laba_3.csproj", "{9A32FA92-BF52-4BFA-BC40-A5059B11C25D}"
EndProject
Global
	GlobalSection(SolutionConfigurationPlatforms) = preSolution
		Debug|Any CPU = Debug|Any CPU
		Release|Any CPU = Release|Any CPU
	EndGlobalSection
	GlobalSection(ProjectConfigurationPlatforms) = postSolution
		{224483FD-6067-4211-A681-EFD3332BB08C}.Debug|Any CPU.ActiveCfg = Debug|Any CPU
		{224483FD-6067-4211-A681-EFD3332BB08C}.Debug|Any CPU.Build.0 = Debug|Any CPU
		{224483FD-6067-4211-A681-EFD3332BB08C}.Release|Any CPU.ActiveCfg = Release|Any CPU
		{224483FD-6067-4211-A681-EFD3332BB08C}.Release|Any CPU.Build.0 = Release|Any CPU
		{65076F89-2B5D-4D4B-90E1-5EF84E57F7E5}.Debug|Any CPU.ActiveCfg = Debug|Any CPU
		{65076F89-2B5D-4D4B-90E1-5EF84E57F7E5}.Debug|Any CPU.Build.0 = Debug|Any CPU
		{65076F89-2B5D-4D4B-90E1-5EF84E57F7E5}.Release|Any CPU.ActiveCfg = Release|Any CPU
		{65076F89-2B5D-4D4B-90E1-5EF84E57F7E5}.Release|Any CPU.Build.0 = Release|Any CPU
		{8D729162-02D6-4FF2-9317-B628170E10FD}.Debug|Any CPU.ActiveCfg = Debug|Any CPU
		{8D729162-02D6-4FF2-9317-B628170E10FD}.Debug|Any CPU.Build.0 = Debug|Any CPU
		{8D729162-02D6-4FF2-9317-B628170E10FD}.Release|Any CPU.ActiveCfg = Release|Any CPU
		{8D729162-02D6-4FF2-9317-B628170E10FD}.Release|Any CPU.Build.0 = Release|Any CPU
		{9A32FA92-BF52-4BFA-BC40-A5059B11C25D}.Debug|Any CPU.ActiveCfg = Debug|Any CPU
		{9A32FA92-BF52-4BFA-BC40-A5059B11C25D}.Debug|Any CPU.Build.0 = Debug|Any CPU
		{9A32FA92-BF52-4BFA-BC40-A5059B11C25D}.Release|Any CPU.ActiveCfg = Release|Any CPU
		{9A32FA92-BF52-4BFA-BC40-A5059B11C25D}.Release|Any CPU.Build.0 = Release|Any CPU
	EndGlobalSection
	GlobalSection(SolutionProperties) = preSolution
		HideSolutionNode = FALSE
	EndGlobalSection
	GlobalSection(ExtensibilityGlobals) = postSolution
		SolutionGuid = {9CF01088-1084-4E5C-AB04-7EB9989F41B2}
	EndGlobalSection
EndGlobal
